
Microsoft Visual Studio Solution File, Format Version 12.00
# Visual Studio Version 17
VisualStudioVersion = 17.5.002.0
MinimumVisualStudioVersion = 10.0.40219.1
Project("{9A19103F-16F7-4668-BE54-9A1E7A4F7556}") = "BubbleSort", "BubbleSort.csproj", "{93A36CE4-70C6-4ECB-8E9B-D300AB571A57}"
EndProject
Global
	GlobalSection(SolutionConfigurationPlatforms) = preSolution
		Debug|Any CPU = Debug|Any CPU
		Release|Any CPU = Release|Any CPU
	EndGlobalSection
	GlobalSection(ProjectConfigurationPlatforms) = postSolution
		{93A36CE4-70C6-4ECB-8E9B-D300AB571A57}.Debug|Any CPU.ActiveCfg = Debug|Any CPU
		{93A36CE4-70C6-4ECB-8E9B-D300AB571A57}.Debug|Any CPU.Build.0 = Debug|Any CPU
		{93A36CE4-70C6-4ECB-8E9B-D300AB571A57}.Release|Any CPU.ActiveCfg = Release|Any CPU
		{93A36CE4-70C6-4ECB-8E9B-D300AB571A57}.Release|Any CPU.Build.0 = Release|Any CPU
	EndGlobalSection
	GlobalSection(SolutionProperties) = preSolution
		HideSolutionNode = FALSE
	EndGlobalSection
	GlobalSection(ExtensibilityGlobals) = postSolution
		SolutionGuid = {EAF6D9A3-6EF4-4AA2-BF4C-A21B1CA6EED0}
	EndGlobalSection
EndGlobal
