
Microsoft Visual Studio Solution File, Format Version 12.00
# Visual Studio Version 17
VisualStudioVersion = 17.0.31903.59
MinimumVisualStudioVersion = 10.0.40219.1
Project("{FAE04EC0-301F-11D3-BF4B-00C04F79EFBC}") = "stackCalculator", "stackCalculator\stackCalculator.csproj", "{AC544034-3ACF-4429-9FF5-6624B51327D0}"
EndProject
Project("{FAE04EC0-301F-11D3-BF4B-00C04F79EFBC}") = "stackCalculator.Tests", "stackCalculator.Tests\stackCalculator.Tests.csproj", "{04450161-05D1-47EE-BFA0-5E9FB038E881}"
EndProject
Global
	GlobalSection(SolutionConfigurationPlatforms) = preSolution
		Debug|Any CPU = Debug|Any CPU
		Release|Any CPU = Release|Any CPU
	EndGlobalSection
	GlobalSection(SolutionProperties) = preSolution
		HideSolutionNode = FALSE
	EndGlobalSection
	GlobalSection(ProjectConfigurationPlatforms) = postSolution
		{AC544034-3ACF-4429-9FF5-6624B51327D0}.Debug|Any CPU.ActiveCfg = Debug|Any CPU
		{AC544034-3ACF-4429-9FF5-6624B51327D0}.Debug|Any CPU.Build.0 = Debug|Any CPU
		{AC544034-3ACF-4429-9FF5-6624B51327D0}.Release|Any CPU.ActiveCfg = Release|Any CPU
		{AC544034-3ACF-4429-9FF5-6624B51327D0}.Release|Any CPU.Build.0 = Release|Any CPU
		{04450161-05D1-47EE-BFA0-5E9FB038E881}.Debug|Any CPU.ActiveCfg = Debug|Any CPU
		{04450161-05D1-47EE-BFA0-5E9FB038E881}.Debug|Any CPU.Build.0 = Debug|Any CPU
		{04450161-05D1-47EE-BFA0-5E9FB038E881}.Release|Any CPU.ActiveCfg = Release|Any CPU
		{04450161-05D1-47EE-BFA0-5E9FB038E881}.Release|Any CPU.Build.0 = Release|Any CPU
	EndGlobalSection
EndGlobal
