
Microsoft Visual Studio Solution File, Format Version 12.00
# Visual Studio Version 17
VisualStudioVersion = 17.5.002.0
MinimumVisualStudioVersion = 10.0.40219.1
Project("{9A19103F-16F7-4668-BE54-9A1E7A4F7556}") = "stackCalculator", "stackCalculator.csproj", "{8BF2631C-C283-46DE-B47B-C0B011A036BC}"
EndProject
Global
	GlobalSection(SolutionConfigurationPlatforms) = preSolution
		Debug|Any CPU = Debug|Any CPU
		Release|Any CPU = Release|Any CPU
	EndGlobalSection
	GlobalSection(ProjectConfigurationPlatforms) = postSolution
		{8BF2631C-C283-46DE-B47B-C0B011A036BC}.Debug|Any CPU.ActiveCfg = Debug|Any CPU
		{8BF2631C-C283-46DE-B47B-C0B011A036BC}.Debug|Any CPU.Build.0 = Debug|Any CPU
		{8BF2631C-C283-46DE-B47B-C0B011A036BC}.Release|Any CPU.ActiveCfg = Release|Any CPU
		{8BF2631C-C283-46DE-B47B-C0B011A036BC}.Release|Any CPU.Build.0 = Release|Any CPU
	EndGlobalSection
	GlobalSection(SolutionProperties) = preSolution
		HideSolutionNode = FALSE
	EndGlobalSection
	GlobalSection(ExtensibilityGlobals) = postSolution
		SolutionGuid = {CD6BCB22-7987-49B7-AF1D-BDE919695A35}
	EndGlobalSection
EndGlobal
