
Microsoft Visual Studio Solution File, Format Version 12.00
# Visual Studio Version 17
VisualStudioVersion = 17.0.31903.59
MinimumVisualStudioVersion = 10.0.40219.1
Project("{FAE04EC0-301F-11D3-BF4B-00C04F79EFBC}") = "routers", "routers\routers.csproj", "{13D54D92-0647-4FFF-9983-C8F8B1EB1A85}"
EndProject
Project("{FAE04EC0-301F-11D3-BF4B-00C04F79EFBC}") = "routers.Tests", "routers.Tests\routers.Tests.csproj", "{D6AF8E5A-095E-4997-887A-D5B3532A645F}"
EndProject
Global
	GlobalSection(SolutionConfigurationPlatforms) = preSolution
		Debug|Any CPU = Debug|Any CPU
		Release|Any CPU = Release|Any CPU
	EndGlobalSection
	GlobalSection(SolutionProperties) = preSolution
		HideSolutionNode = FALSE
	EndGlobalSection
	GlobalSection(ProjectConfigurationPlatforms) = postSolution
		{13D54D92-0647-4FFF-9983-C8F8B1EB1A85}.Debug|Any CPU.ActiveCfg = Debug|Any CPU
		{13D54D92-0647-4FFF-9983-C8F8B1EB1A85}.Debug|Any CPU.Build.0 = Debug|Any CPU
		{13D54D92-0647-4FFF-9983-C8F8B1EB1A85}.Release|Any CPU.ActiveCfg = Release|Any CPU
		{13D54D92-0647-4FFF-9983-C8F8B1EB1A85}.Release|Any CPU.Build.0 = Release|Any CPU
		{D6AF8E5A-095E-4997-887A-D5B3532A645F}.Debug|Any CPU.ActiveCfg = Debug|Any CPU
		{D6AF8E5A-095E-4997-887A-D5B3532A645F}.Debug|Any CPU.Build.0 = Debug|Any CPU
		{D6AF8E5A-095E-4997-887A-D5B3532A645F}.Release|Any CPU.ActiveCfg = Release|Any CPU
		{D6AF8E5A-095E-4997-887A-D5B3532A645F}.Release|Any CPU.Build.0 = Release|Any CPU
	EndGlobalSection
EndGlobal
